{
  "name": "@code_monk/dotfiles",
  "version": "1.0.3",
  "lockfileVersion": 2,
  "requires": true,
  "packages": {
    "": {
      "name": "@code_monk/dotfiles",
      "version": "1.0.3",
      "license": "ISC",
      "dependencies": {
        "bash-color": "0.0.3",
        "columnizer": "~0.1.0"
      },
      "bin": {
        "dotfiles": "cli.sh"
      }
    },
    "node_modules/bash-color": {
      "version": "0.0.3",
      "resolved": "https://registry.npmjs.org/bash-color/-/bash-color-0.0.3.tgz",
      "integrity": "sha1-DAiSHsATk6tW6kRPCCXlSTyg5qI="
    },
    "node_modules/columnizer": {
      "version": "0.1.0",
      "resolved": "https://registry.npmjs.org/columnizer/-/columnizer-0.1.0.tgz",
      "integrity": "sha1-orhksY/9AL3bdSZviakGxA54sak=",
      "dependencies": {
        "colors": "^1.1.2",
        "underscore": "^1.8.3"
      }
    },
    "node_modules/columnizer/node_modules/colors": {
      "version": "1.1.2",
      "resolved": "https://registry.npmjs.org/colors/-/colors-1.1.2.tgz",
      "integrity": "sha1-FopHAXVran9RoSzgyXv6KMCE7WM=",
      "engines": {
        "node": ">=0.1.90"
      }
    },
    "node_modules/columnizer/node_modules/underscore": {
      "version": "1.8.3",
      "resolved": "https://registry.npmjs.org/underscore/-/underscore-1.8.3.tgz",
      "integrity": "sha1-Tz+1OxBuYJf8+ctBCfKl6b36UCI="
    }
  },
  "dependencies": {
    "bash-color": {
      "version": "0.0.3",
      "resolved": "https://registry.npmjs.org/bash-color/-/bash-color-0.0.3.tgz",
      "integrity": "sha1-DAiSHsATk6tW6kRPCCXlSTyg5qI="
    },
    "columnizer": {
      "version": "0.1.0",
      "resolved": "https://registry.npmjs.org/columnizer/-/columnizer-0.1.0.tgz",
      "integrity": "sha1-orhksY/9AL3bdSZviakGxA54sak=",
      "requires": {
        "colors": "^1.1.2",
        "underscore": "^1.8.3"
      },
      "dependencies": {
        "colors": {
          "version": "1.1.2",
          "resolved": "https://registry.npmjs.org/colors/-/colors-1.1.2.tgz",
          "integrity": "sha1-FopHAXVran9RoSzgyXv6KMCE7WM="
        },
        "underscore": {
          "version": "1.8.3",
          "resolved": "https://registry.npmjs.org/underscore/-/underscore-1.8.3.tgz",
          "integrity": "sha1-Tz+1OxBuYJf8+ctBCfKl6b36UCI="
        }
      }
    }
  }
}
