# THIS IS AN AUTOGENERATED FILE. DO NOT EDIT THIS FILE DIRECTLY.
# yarn lockfile v1


"bash-color@0.0.3":
  "integrity" "sha1-DAiSHsATk6tW6kRPCCXlSTyg5qI="
  "resolved" "https://registry.npmjs.org/bash-color/-/bash-color-0.0.3.tgz"
  "version" "0.0.3"

"colors@^1.1.2":
  "integrity" "sha1-FopHAXVran9RoSzgyXv6KMCE7WM="
  "resolved" "https://registry.npmjs.org/colors/-/colors-1.1.2.tgz"
  "version" "1.1.2"

"columnizer@~0.1.0":
  "integrity" "sha1-orhksY/9AL3bdSZviakGxA54sak="
  "resolved" "https://registry.npmjs.org/columnizer/-/columnizer-0.1.0.tgz"
  "version" "0.1.0"
  dependencies:
    "colors" "^1.1.2"
    "underscore" "^1.8.3"

"underscore@^1.8.3":
  "integrity" "sha1-Tz+1OxBuYJf8+ctBCfKl6b36UCI="
  "resolved" "https://registry.npmjs.org/underscore/-/underscore-1.8.3.tgz"
  "version" "1.8.3"
